// !$*UTF8*$!
{
	archiveVersion = 1;
	classes = {
	};
	objectVersion = 56;
	objects = {

/* Begin PBXBuildFile section */
		1F4B921529186DF4006529CA /* CasimirPlaygroundUnitTests.swift in Sources */ = {isa = PBXBuildFile; fileRef = 1F4B921429186DF4006529CA /* CasimirPlaygroundUnitTests.swift */; };
		1F4B922229186DFB006529CA /* CasimirPlaygroundUITests.swift in Sources */ = {isa = PBXBuildFile; fileRef = 1F4B922129186DFB006529CA /* CasimirPlaygroundUITests.swift */; };
		1F4B922429186DFB006529CA /* CasimirPlaygroundUITestsLaunchTests.swift in Sources */ = {isa = PBXBuildFile; fileRef = 1F4B922329186DFB006529CA /* CasimirPlaygroundUITestsLaunchTests.swift */; };
		1F72523729186F0D00A19AB1 /* Casimir in Frameworks */ = {isa = PBXBuildFile; productRef = 1F72523629186F0D00A19AB1 /* Casimir */; };
		1F9B49A829186C6E005EFC49 /* CasimirPlaygroundApp.swift in Sources */ = {isa = PBXBuildFile; fileRef = 1F9B49A729186C6E005EFC49 /* CasimirPlaygroundApp.swift */; };
/* End PBXBuildFile section */

/* Begin PBXContainerItemProxy section */
		1F4B921629186DF4006529CA /* PBXContainerItemProxy */ = {
			isa = PBXContainerItemProxy;
			containerPortal = 1F9B499C29186C6E005EFC49 /* Project object */;
			proxyType = 1;
			remoteGlobalIDString = 1F9B49A329186C6E005EFC49;
			remoteInfo = CasimirPlayground;
		};
		1F4B922529186DFB006529CA /* PBXContainerItemProxy */ = {
			isa = PBXContainerItemProxy;
			containerPortal = 1F9B499C29186C6E005EFC49 /* Project object */;
			proxyType = 1;
			remoteGlobalIDString = 1F9B49A329186C6E005EFC49;
			remoteInfo = CasimirPlayground;
		};
/* End PBXContainerItemProxy section */

/* Begin PBXFileReference section */
		1F4B921229186DF4006529CA /* CasimirPlaygroundUnitTests.xctest */ = {isa = PBXFileReference; explicitFileType = wrapper.cfbundle; includeInIndex = 0; path = CasimirPlaygroundUnitTests.xctest; sourceTree = BUILT_PRODUCTS_DIR; };
		1F4B921429186DF4006529CA /* CasimirPlaygroundUnitTests.swift */ = {isa = PBXFileReference; lastKnownFileType = sourcecode.swift; path = CasimirPlaygroundUnitTests.swift; sourceTree = "<group>"; };
		1F4B921F29186DFB006529CA /* CasimirPlaygroundUITests.xctest */ = {isa = PBXFileReference; explicitFileType = wrapper.cfbundle; includeInIndex = 0; path = CasimirPlaygroundUITests.xctest; sourceTree = BUILT_PRODUCTS_DIR; };
		1F4B922129186DFB006529CA /* CasimirPlaygroundUITests.swift */ = {isa = PBXFileReference; lastKnownFileType = sourcecode.swift; path = CasimirPlaygroundUITests.swift; sourceTree = "<group>"; };
		1F4B922329186DFB006529CA /* CasimirPlaygroundUITestsLaunchTests.swift */ = {isa = PBXFileReference; lastKnownFileType = sourcecode.swift; path = CasimirPlaygroundUITestsLaunchTests.swift; sourceTree = "<group>"; };
		1F72523429186F0300A19AB1 /* Casimir */ = {isa = PBXFileReference; lastKnownFileType = wrapper; name = Casimir; sourceTree = "<group>"; };
		1F9B49A429186C6E005EFC49 /* CasimirPlayground.app */ = {isa = PBXFileReference; explicitFileType = wrapper.application; includeInIndex = 0; path = CasimirPlayground.app; sourceTree = BUILT_PRODUCTS_DIR; };
		1F9B49A729186C6E005EFC49 /* CasimirPlaygroundApp.swift */ = {isa = PBXFileReference; lastKnownFileType = sourcecode.swift; path = CasimirPlaygroundApp.swift; sourceTree = "<group>"; };
/* End PBXFileReference section */

/* Begin PBXFrameworksBuildPhase section */
		1F4B920F29186DF4006529CA /* Frameworks */ = {
			isa = PBXFrameworksBuildPhase;
			buildActionMask = 2147483647;
			files = (
			);
			runOnlyForDeploymentPostprocessing = 0;
		};
		1F4B921C29186DFB006529CA /* Frameworks */ = {
			isa = PBXFrameworksBuildPhase;
			buildActionMask = 2147483647;
			files = (
			);
			runOnlyForDeploymentPostprocessing = 0;
		};
		1F9B49A129186C6E005EFC49 /* Frameworks */ = {
			isa = PBXFrameworksBuildPhase;
			buildActionMask = 2147483647;
			files = (
				1F72523729186F0D00A19AB1 /* Casimir in Frameworks */,
			);
			runOnlyForDeploymentPostprocessing = 0;
		};
/* End PBXFrameworksBuildPhase section */

/* Begin PBXGroup section */
		1F4B921329186DF4006529CA /* CasimirPlaygroundUnitTests */ = {
			isa = PBXGroup;
			children = (
				1F4B921429186DF4006529CA /* CasimirPlaygroundUnitTests.swift */,
			);
			path = CasimirPlaygroundUnitTests;
			sourceTree = "<group>";
		};
		1F4B922029186DFB006529CA /* CasimirPlaygroundUITests */ = {
			isa = PBXGroup;
			children = (
				1F4B922129186DFB006529CA /* CasimirPlaygroundUITests.swift */,
				1F4B922329186DFB006529CA /* CasimirPlaygroundUITestsLaunchTests.swift */,
			);
			path = CasimirPlaygroundUITests;
			sourceTree = "<group>";
		};
		1F72523529186F0D00A19AB1 /* Frameworks */ = {
			isa = PBXGroup;
			children = (
			);
			name = Frameworks;
			sourceTree = "<group>";
		};
		1F9B499B29186C6E005EFC49 = {
			isa = PBXGroup;
			children = (
				1F72523429186F0300A19AB1 /* Casimir */,
				1F9B49A629186C6E005EFC49 /* CasimirPlayground */,
				1F4B921329186DF4006529CA /* CasimirPlaygroundUnitTests */,
				1F4B922029186DFB006529CA /* CasimirPlaygroundUITests */,
				1F9B49A529186C6E005EFC49 /* Products */,
				1F72523529186F0D00A19AB1 /* Frameworks */,
			);
			sourceTree = "<group>";
		};
		1F9B49A529186C6E005EFC49 /* Products */ = {
			isa = PBXGroup;
			children = (
				1F9B49A429186C6E005EFC49 /* CasimirPlayground.app */,
				1F4B921229186DF4006529CA /* CasimirPlaygroundUnitTests.xctest */,
				1F4B921F29186DFB006529CA /* CasimirPlaygroundUITests.xctest */,
			);
			name = Products;
			sourceTree = "<group>";
		};
		1F9B49A629186C6E005EFC49 /* CasimirPlayground */ = {
			isa = PBXGroup;
			children = (
				1F9B49A729186C6E005EFC49 /* CasimirPlaygroundApp.swift */,
			);
			path = CasimirPlayground;
			sourceTree = "<group>";
		};
/* End PBXGroup section */

/* Begin PBXNativeTarget section */
		1F4B921129186DF4006529CA /* CasimirPlaygroundUnitTests */ = {
			isa = PBXNativeTarget;
			buildConfigurationList = 1F4B921829186DF4006529CA /* Build configuration list for PBXNativeTarget "CasimirPlaygroundUnitTests" */;
			buildPhases = (
				1F4B920E29186DF4006529CA /* Sources */,
				1F4B920F29186DF4006529CA /* Frameworks */,
				1F4B921029186DF4006529CA /* Resources */,
			);
			buildRules = (
			);
			dependencies = (
				1F4B921729186DF4006529CA /* PBXTargetDependency */,
			);
			name = CasimirPlaygroundUnitTests;
			productName = CasimirPlaygroundUnitTests;
			productReference = 1F4B921229186DF4006529CA /* CasimirPlaygroundUnitTests.xctest */;
			productType = "com.apple.product-type.bundle.unit-test";
		};
		1F4B921E29186DFB006529CA /* CasimirPlaygroundUITests */ = {
			isa = PBXNativeTarget;
			buildConfigurationList = 1F4B922729186DFB006529CA /* Build configuration list for PBXNativeTarget "CasimirPlaygroundUITests" */;
			buildPhases = (
				1F4B921B29186DFB006529CA /* Sources */,
				1F4B921C29186DFB006529CA /* Frameworks */,
				1F4B921D29186DFB006529CA /* Resources */,
			);
			buildRules = (
			);
			dependencies = (
				1F4B922629186DFB006529CA /* PBXTargetDependency */,
			);
			name = CasimirPlaygroundUITests;
			productName = CasimirPlaygroundUITests;
			productReference = 1F4B921F29186DFB006529CA /* CasimirPlaygroundUITests.xctest */;
			productType = "com.apple.product-type.bundle.ui-testing";
		};
		1F9B49A329186C6E005EFC49 /* CasimirPlayground */ = {
			isa = PBXNativeTarget;
			buildConfigurationList = 1F9B49B329186C6F005EFC49 /* Build configuration list for PBXNativeTarget "CasimirPlayground" */;
			buildPhases = (
				1F9B49A029186C6E005EFC49 /* Sources */,
				1F9B49A129186C6E005EFC49 /* Frameworks */,
				1F9B49A229186C6E005EFC49 /* Resources */,
			);
			buildRules = (
			);
			dependencies = (
			);
			name = CasimirPlayground;
			packageProductDependencies = (
				1F72523629186F0D00A19AB1 /* Casimir */,
			);
			productName = CasimirPlayground;
			productReference = 1F9B49A429186C6E005EFC49 /* CasimirPlayground.app */;
			productType = "com.apple.product-type.application";
		};
/* End PBXNativeTarget section */

/* Begin PBXProject section */
		1F9B499C29186C6E005EFC49 /* Project object */ = {
			isa = PBXProject;
			attributes = {
				BuildIndependentTargetsInParallel = 1;
				LastSwiftUpdateCheck = 1400;
				LastUpgradeCheck = 1410;
				TargetAttributes = {
					1F4B921129186DF4006529CA = {
						CreatedOnToolsVersion = 14.0.1;
						TestTargetID = 1F9B49A329186C6E005EFC49;
					};
					1F4B921E29186DFB006529CA = {
						CreatedOnToolsVersion = 14.0.1;
						TestTargetID = 1F9B49A329186C6E005EFC49;
					};
					1F9B49A329186C6E005EFC49 = {
						CreatedOnToolsVersion = 14.1;
					};
				};
			};
			buildConfigurationList = 1F9B499F29186C6E005EFC49 /* Build configuration list for PBXProject "CasimirPlayground" */;
			compatibilityVersion = "Xcode 14.0";
			developmentRegion = en;
			hasScannedForEncodings = 0;
			knownRegions = (
				en,
				Base,
			);
			mainGroup = 1F9B499B29186C6E005EFC49;
			productRefGroup = 1F9B49A529186C6E005EFC49 /* Products */;
			projectDirPath = "";
			projectRoot = "";
			targets = (
				1F9B49A329186C6E005EFC49 /* CasimirPlayground */,
				1F4B921129186DF4006529CA /* CasimirPlaygroundUnitTests */,
				1F4B921E29186DFB006529CA /* CasimirPlaygroundUITests */,
			);
		};
/* End PBXProject section */

/* Begin PBXResourcesBuildPhase section */
		1F4B921029186DF4006529CA /* Resources */ = {
			isa = PBXResourcesBuildPhase;
			buildActionMask = 2147483647;
			files = (
			);
			runOnlyForDeploymentPostprocessing = 0;
		};
		1F4B921D29186DFB006529CA /* Resources */ = {
			isa = PBXResourcesBuildPhase;
			buildActionMask = 2147483647;
			files = (
			);
			runOnlyForDeploymentPostprocessing = 0;
		};
		1F9B49A229186C6E005EFC49 /* Resources */ = {
			isa = PBXResourcesBuildPhase;
			buildActionMask = 2147483647;
			files = (
			);
			runOnlyForDeploymentPostprocessing = 0;
		};
/* End PBXResourcesBuildPhase section */

/* Begin PBXSourcesBuildPhase section */
		1F4B920E29186DF4006529CA /* Sources */ = {
			isa = PBXSourcesBuildPhase;
			buildActionMask = 2147483647;
			files = (
				1F4B921529186DF4006529CA /* CasimirPlaygroundUnitTests.swift in Sources */,
			);
			runOnlyForDeploymentPostprocessing = 0;
		};
		1F4B921B29186DFB006529CA /* Sources */ = {
			isa = PBXSourcesBuildPhase;
			buildActionMask = 2147483647;
			files = (
				1F4B922429186DFB006529CA /* CasimirPlaygroundUITestsLaunchTests.swift in Sources */,
				1F4B922229186DFB006529CA /* CasimirPlaygroundUITests.swift in Sources */,
			);
			runOnlyForDeploymentPostprocessing = 0;
		};
		1F9B49A029186C6E005EFC49 /* Sources */ = {
			isa = PBXSourcesBuildPhase;
			buildActionMask = 2147483647;
			files = (
				1F9B49A829186C6E005EFC49 /* CasimirPlaygroundApp.swift in Sources */,
			);
			runOnlyForDeploymentPostprocessing = 0;
		};
/* End PBXSourcesBuildPhase section */

/* Begin PBXTargetDependency section */
		1F4B921729186DF4006529CA /* PBXTargetDependency */ = {
			isa = PBXTargetDependency;
			target = 1F9B49A329186C6E005EFC49 /* CasimirPlayground */;
			targetProxy = 1F4B921629186DF4006529CA /* PBXContainerItemProxy */;
		};
		1F4B922629186DFB006529CA /* PBXTargetDependency */ = {
			isa = PBXTargetDependency;
			target = 1F9B49A329186C6E005EFC49 /* CasimirPlayground */;
			targetProxy = 1F4B922529186DFB006529CA /* PBXContainerItemProxy */;
		};
/* End PBXTargetDependency section */

/* Begin XCBuildConfiguration section */
		1F4B921929186DF4006529CA /* Debug */ = {
			isa = XCBuildConfiguration;
			buildSettings = {
				BUNDLE_LOADER = "$(TEST_HOST)";
				CODE_SIGN_STYLE = Automatic;
				CURRENT_PROJECT_VERSION = 1;
				GENERATE_INFOPLIST_FILE = YES;
				MARKETING_VERSION = 1.0;
				PRODUCT_BUNDLE_IDENTIFIER = com.przemekjablonski.CasimirPlaygroundUnitTests;
				PRODUCT_NAME = "$(TARGET_NAME)";
				SDKROOT = iphoneos;
				SWIFT_EMIT_LOC_STRINGS = NO;
				SWIFT_VERSION = 5.0;
				TARGETED_DEVICE_FAMILY = "1,2";
				TEST_HOST = "$(BUILT_PRODUCTS_DIR)/CasimirPlayground.app/$(BUNDLE_EXECUTABLE_FOLDER_PATH)/CasimirPlayground";
			};
			name = Debug;
		};
		1F4B921A29186DF4006529CA /* Release */ = {
			isa = XCBuildConfiguration;
			buildSettings = {
				BUNDLE_LOADER = "$(TEST_HOST)";
				CODE_SIGN_STYLE = Automatic;
				CURRENT_PROJECT_VERSION = 1;
				GENERATE_INFOPLIST_FILE = YES;
				MARKETING_VERSION = 1.0;
				PRODUCT_BUNDLE_IDENTIFIER = com.przemekjablonski.CasimirPlaygroundUnitTests;
				PRODUCT_NAME = "$(TARGET_NAME)";
				SDKROOT = iphoneos;
				SWIFT_EMIT_LOC_STRINGS = NO;
				SWIFT_VERSION = 5.0;
				TARGETED_DEVICE_FAMILY = "1,2";
				TEST_HOST = "$(BUILT_PRODUCTS_DIR)/CasimirPlayground.app/$(BUNDLE_EXECUTABLE_FOLDER_PATH)/CasimirPlayground";
				VALIDATE_PRODUCT = YES;
			};
			name = Release;
		};
		1F4B922829186DFB006529CA /* Debug */ = {
			isa = XCBuildConfiguration;
			buildSettings = {
				CODE_SIGN_STYLE = Automatic;
				CURRENT_PROJECT_VERSION = 1;
				GENERATE_INFOPLIST_FILE = YES;
				MARKETING_VERSION = 1.0;
				PRODUCT_BUNDLE_IDENTIFIER = com.przemekjablonski.CasimirPlaygroundUITests;
				PRODUCT_NAME = "$(TARGET_NAME)";
				SDKROOT = iphoneos;
				SWIFT_EMIT_LOC_STRINGS = NO;
				SWIFT_VERSION = 5.0;
				TARGETED_DEVICE_FAMILY = "1,2";
				TEST_TARGET_NAME = CasimirPlayground;
			};
			name = Debug;
		};
		1F4B922929186DFB006529CA /* Release */ = {
			isa = XCBuildConfiguration;
			buildSettings = {
				CODE_SIGN_STYLE = Automatic;
				CURRENT_PROJECT_VERSION = 1;
				GENERATE_INFOPLIST_FILE = YES;
				MARKETING_VERSION = 1.0;
				PRODUCT_BUNDLE_IDENTIFIER = com.przemekjablonski.CasimirPlaygroundUITests;
				PRODUCT_NAME = "$(TARGET_NAME)";
				SDKROOT = iphoneos;
				SWIFT_EMIT_LOC_STRINGS = NO;
				SWIFT_VERSION = 5.0;
				TARGETED_DEVICE_FAMILY = "1,2";
				TEST_TARGET_NAME = CasimirPlayground;
				VALIDATE_PRODUCT = YES;
			};
			name = Release;
		};
		1F9B49B129186C6F005EFC49 /* Debug */ = {
			isa = XCBuildConfiguration;
			buildSettings = {
				ALWAYS_SEARCH_USER_PATHS = NO;
				CLANG_ANALYZER_NONNULL = YES;
				CLANG_ANALYZER_NUMBER_OBJECT_CONVERSION = YES_AGGRESSIVE;
				CLANG_CXX_LANGUAGE_STANDARD = "gnu++20";
				CLANG_ENABLE_MODULES = YES;
				CLANG_ENABLE_OBJC_ARC = YES;
				CLANG_ENABLE_OBJC_WEAK = YES;
				CLANG_WARN_BLOCK_CAPTURE_AUTORELEASING = YES;
				CLANG_WARN_BOOL_CONVERSION = YES;
				CLANG_WARN_COMMA = YES;
				CLANG_WARN_CONSTANT_CONVERSION = YES;
				CLANG_WARN_DEPRECATED_OBJC_IMPLEMENTATIONS = YES;
				CLANG_WARN_DIRECT_OBJC_ISA_USAGE = YES_ERROR;
				CLANG_WARN_DOCUMENTATION_COMMENTS = YES;
				CLANG_WARN_EMPTY_BODY = YES;
				CLANG_WARN_ENUM_CONVERSION = YES;
				CLANG_WARN_INFINITE_RECURSION = YES;
				CLANG_WARN_INT_CONVERSION = YES;
				CLANG_WARN_NON_LITERAL_NULL_CONVERSION = YES;
				CLANG_WARN_OBJC_IMPLICIT_RETAIN_SELF = YES;
				CLANG_WARN_OBJC_LITERAL_CONVERSION = YES;
				CLANG_WARN_OBJC_ROOT_CLASS = YES_ERROR;
				CLANG_WARN_QUOTED_INCLUDE_IN_FRAMEWORK_HEADER = YES;
				CLANG_WARN_RANGE_LOOP_ANALYSIS = YES;
				CLANG_WARN_STRICT_PROTOTYPES = YES;
				CLANG_WARN_SUSPICIOUS_MOVE = YES;
				CLANG_WARN_UNGUARDED_AVAILABILITY = YES_AGGRESSIVE;
				CLANG_WARN_UNREACHABLE_CODE = YES;
				CLANG_WARN__DUPLICATE_METHOD_MATCH = YES;
				COPY_PHASE_STRIP = NO;
				DEBUG_INFORMATION_FORMAT = dwarf;
				ENABLE_STRICT_OBJC_MSGSEND = YES;
				ENABLE_TESTABILITY = YES;
				GCC_C_LANGUAGE_STANDARD = gnu11;
				GCC_DYNAMIC_NO_PIC = NO;
				GCC_NO_COMMON_BLOCKS = YES;
				GCC_OPTIMIZATION_LEVEL = 0;
				GCC_PREPROCESSOR_DEFINITIONS = (
					"DEBUG=1",
					"$(inherited)",
				);
				GCC_WARN_64_TO_32_BIT_CONVERSION = YES;
				GCC_WARN_ABOUT_RETURN_TYPE = YES_ERROR;
				GCC_WARN_UNDECLARED_SELECTOR = YES;
				GCC_WARN_UNINITIALIZED_AUTOS = YES_AGGRESSIVE;
				GCC_WARN_UNUSED_FUNCTION = YES;
				GCC_WARN_UNUSED_VARIABLE = YES;
				IPHONEOS_DEPLOYMENT_TARGET = 14.0;
				MACOSX_DEPLOYMENT_TARGET = 11.0;
				MTL_ENABLE_DEBUG_INFO = INCLUDE_SOURCE;
				MTL_FAST_MATH = YES;
				ONLY_ACTIVE_ARCH = YES;
				SWIFT_ACTIVE_COMPILATION_CONDITIONS = DEBUG;
				SWIFT_OPTIMIZATION_LEVEL = "-Onone";
				TVOS_DEPLOYMENT_TARGET = 14.0;
			};
			name = Debug;
		};
		1F9B49B229186C6F005EFC49 /* Release */ = {
			isa = XCBuildConfiguration;
			buildSettings = {
				ALWAYS_SEARCH_USER_PATHS = NO;
				CLANG_ANALYZER_NONNULL = YES;
				CLANG_ANALYZER_NUMBER_OBJECT_CONVERSION = YES_AGGRESSIVE;
				CLANG_CXX_LANGUAGE_STANDARD = "gnu++20";
				CLANG_ENABLE_MODULES = YES;
				CLANG_ENABLE_OBJC_ARC = YES;
				CLANG_ENABLE_OBJC_WEAK = YES;
				CLANG_WARN_BLOCK_CAPTURE_AUTORELEASING = YES;
				CLANG_WARN_BOOL_CONVERSION = YES;
				CLANG_WARN_COMMA = YES;
				CLANG_WARN_CONSTANT_CONVERSION = YES;
				CLANG_WARN_DEPRECATED_OBJC_IMPLEMENTATIONS = YES;
				CLANG_WARN_DIRECT_OBJC_ISA_USAGE = YES_ERROR;
				CLANG_WARN_DOCUMENTATION_COMMENTS = YES;
				CLANG_WARN_EMPTY_BODY = YES;
				CLANG_WARN_ENUM_CONVERSION = YES;
				CLANG_WARN_INFINITE_RECURSION = YES;
				CLANG_WARN_INT_CONVERSION = YES;
				CLANG_WARN_NON_LITERAL_NULL_CONVERSION = YES;
				CLANG_WARN_OBJC_IMPLICIT_RETAIN_SELF = YES;
				CLANG_WARN_OBJC_LITERAL_CONVERSION = YES;
				CLANG_WARN_OBJC_ROOT_CLASS = YES_ERROR;
				CLANG_WARN_QUOTED_INCLUDE_IN_FRAMEWORK_HEADER = YES;
				CLANG_WARN_RANGE_LOOP_ANALYSIS = YES;
				CLANG_WARN_STRICT_PROTOTYPES = YES;
				CLANG_WARN_SUSPICIOUS_MOVE = YES;
				CLANG_WARN_UNGUARDED_AVAILABILITY = YES_AGGRESSIVE;
				CLANG_WARN_UNREACHABLE_CODE = YES;
				CLANG_WARN__DUPLICATE_METHOD_MATCH = YES;
				COPY_PHASE_STRIP = NO;
				DEBUG_INFORMATION_FORMAT = "dwarf-with-dsym";
				ENABLE_NS_ASSERTIONS = NO;
				ENABLE_STRICT_OBJC_MSGSEND = YES;
				GCC_C_LANGUAGE_STANDARD = gnu11;
				GCC_NO_COMMON_BLOCKS = YES;
				GCC_WARN_64_TO_32_BIT_CONVERSION = YES;
				GCC_WARN_ABOUT_RETURN_TYPE = YES_ERROR;
				GCC_WARN_UNDECLARED_SELECTOR = YES;
				GCC_WARN_UNINITIALIZED_AUTOS = YES_AGGRESSIVE;
				GCC_WARN_UNUSED_FUNCTION = YES;
				GCC_WARN_UNUSED_VARIABLE = YES;
				IPHONEOS_DEPLOYMENT_TARGET = 14.0;
				MACOSX_DEPLOYMENT_TARGET = 11.0;
				MTL_ENABLE_DEBUG_INFO = NO;
				MTL_FAST_MATH = YES;
				SWIFT_COMPILATION_MODE = wholemodule;
				SWIFT_OPTIMIZATION_LEVEL = "-O";
				TVOS_DEPLOYMENT_TARGET = 14.0;
			};
			name = Release;
		};
		1F9B49B429186C6F005EFC49 /* Debug */ = {
			isa = XCBuildConfiguration;
			buildSettings = {
				ASSETCATALOG_COMPILER_APPICON_NAME = AppIcon;
				ASSETCATALOG_COMPILER_GLOBAL_ACCENT_COLOR_NAME = AccentColor;
				CODE_SIGN_STYLE = Automatic;
				CURRENT_PROJECT_VERSION = 1;
				ENABLE_PREVIEWS = YES;
				GENERATE_INFOPLIST_FILE = YES;
				"INFOPLIST_KEY_UIApplicationSceneManifest_Generation[sdk=iphoneos*]" = YES;
				"INFOPLIST_KEY_UIApplicationSceneManifest_Generation[sdk=iphonesimulator*]" = YES;
				"INFOPLIST_KEY_UIApplicationSupportsIndirectInputEvents[sdk=iphoneos*]" = YES;
				"INFOPLIST_KEY_UIApplicationSupportsIndirectInputEvents[sdk=iphonesimulator*]" = YES;
				"INFOPLIST_KEY_UILaunchScreen_Generation[sdk=iphoneos*]" = YES;
				"INFOPLIST_KEY_UILaunchScreen_Generation[sdk=iphonesimulator*]" = YES;
				"INFOPLIST_KEY_UIStatusBarStyle[sdk=iphoneos*]" = UIStatusBarStyleDefault;
				"INFOPLIST_KEY_UIStatusBarStyle[sdk=iphonesimulator*]" = UIStatusBarStyleDefault;
				INFOPLIST_KEY_UISupportedInterfaceOrientations_iPad = "UIInterfaceOrientationPortrait UIInterfaceOrientationPortraitUpsideDown UIInterfaceOrientationLandscapeLeft UIInterfaceOrientationLandscapeRight";
				INFOPLIST_KEY_UISupportedInterfaceOrientations_iPhone = "UIInterfaceOrientationPortrait UIInterfaceOrientationLandscapeLeft UIInterfaceOrientationLandscapeRight";
				LD_RUNPATH_SEARCH_PATHS = "@executable_path/Frameworks";
				"LD_RUNPATH_SEARCH_PATHS[sdk=macosx*]" = "@executable_path/../Frameworks";
				MARKETING_VERSION = 1.0;
				PRODUCT_BUNDLE_IDENTIFIER = com.przemekjablonski.CasimirPlayground;
				PRODUCT_NAME = "$(TARGET_NAME)";
				SDKROOT = auto;
				SUPPORTED_PLATFORMS = "appletvos appletvsimulator iphoneos iphonesimulator macosx";
				SUPPORTS_MACCATALYST = NO;
				SUPPORTS_MAC_DESIGNED_FOR_IPHONE_IPAD = NO;
				SWIFT_EMIT_LOC_STRINGS = YES;
				SWIFT_VERSION = 5.0;
				TARGETED_DEVICE_FAMILY = "1,2,3";
			};
			name = Debug;
		};
		1F9B49B529186C6F005EFC49 /* Release */ = {
			isa = XCBuildConfiguration;
			buildSettings = {
				ASSETCATALOG_COMPILER_APPICON_NAME = AppIcon;
				ASSETCATALOG_COMPILER_GLOBAL_ACCENT_COLOR_NAME = AccentColor;
				CODE_SIGN_STYLE = Automatic;
				CURRENT_PROJECT_VERSION = 1;
				ENABLE_PREVIEWS = YES;
				GENERATE_INFOPLIST_FILE = YES;
				"INFOPLIST_KEY_UIApplicationSceneManifest_Generation[sdk=iphoneos*]" = YES;
				"INFOPLIST_KEY_UIApplicationSceneManifest_Generation[sdk=iphonesimulator*]" = YES;
				"INFOPLIST_KEY_UIApplicationSupportsIndirectInputEvents[sdk=iphoneos*]" = YES;
				"INFOPLIST_KEY_UIApplicationSupportsIndirectInputEvents[sdk=iphonesimulator*]" = YES;
				"INFOPLIST_KEY_UILaunchScreen_Generation[sdk=iphoneos*]" = YES;
				"INFOPLIST_KEY_UILaunchScreen_Generation[sdk=iphonesimulator*]" = YES;
				"INFOPLIST_KEY_UIStatusBarStyle[sdk=iphoneos*]" = UIStatusBarStyleDefault;
				"INFOPLIST_KEY_UIStatusBarStyle[sdk=iphonesimulator*]" = UIStatusBarStyleDefault;
				INFOPLIST_KEY_UISupportedInterfaceOrientations_iPad = "UIInterfaceOrientationPortrait UIInterfaceOrientationPortraitUpsideDown UIInterfaceOrientationLandscapeLeft UIInterfaceOrientationLandscapeRight";
				INFOPLIST_KEY_UISupportedInterfaceOrientations_iPhone = "UIInterfaceOrientationPortrait UIInterfaceOrientationLandscapeLeft UIInterfaceOrientationLandscapeRight";
				LD_RUNPATH_SEARCH_PATHS = "@executable_path/Frameworks";
				"LD_RUNPATH_SEARCH_PATHS[sdk=macosx*]" = "@executable_path/../Frameworks";
				MARKETING_VERSION = 1.0;
				PRODUCT_BUNDLE_IDENTIFIER = com.przemekjablonski.CasimirPlayground;
				PRODUCT_NAME = "$(TARGET_NAME)";
				SDKROOT = auto;
				SUPPORTED_PLATFORMS = "appletvos appletvsimulator iphoneos iphonesimulator macosx";
				SUPPORTS_MACCATALYST = NO;
				SUPPORTS_MAC_DESIGNED_FOR_IPHONE_IPAD = NO;
				SWIFT_EMIT_LOC_STRINGS = YES;
				SWIFT_VERSION = 5.0;
				TARGETED_DEVICE_FAMILY = "1,2,3";
			};
			name = Release;
		};
/* End XCBuildConfiguration section */

/* Begin XCConfigurationList section */
		1F4B921829186DF4006529CA /* Build configuration list for PBXNativeTarget "CasimirPlaygroundUnitTests" */ = {
			isa = XCConfigurationList;
			buildConfigurations = (
				1F4B921929186DF4006529CA /* Debug */,
				1F4B921A29186DF4006529CA /* Release */,
			);
			defaultConfigurationIsVisible = 0;
			defaultConfigurationName = Release;
		};
		1F4B922729186DFB006529CA /* Build configuration list for PBXNativeTarget "CasimirPlaygroundUITests" */ = {
			isa = XCConfigurationList;
			buildConfigurations = (
				1F4B922829186DFB006529CA /* Debug */,
				1F4B922929186DFB006529CA /* Release */,
			);
			defaultConfigurationIsVisible = 0;
			defaultConfigurationName = Release;
		};
		1F9B499F29186C6E005EFC49 /* Build configuration list for PBXProject "CasimirPlayground" */ = {
			isa = XCConfigurationList;
			buildConfigurations = (
				1F9B49B129186C6F005EFC49 /* Debug */,
				1F9B49B229186C6F005EFC49 /* Release */,
			);
			defaultConfigurationIsVisible = 0;
			defaultConfigurationName = Release;
		};
		1F9B49B329186C6F005EFC49 /* Build configuration list for PBXNativeTarget "CasimirPlayground" */ = {
			isa = XCConfigurationList;
			buildConfigurations = (
				1F9B49B429186C6F005EFC49 /* Debug */,
				1F9B49B529186C6F005EFC49 /* Release */,
			);
			defaultConfigurationIsVisible = 0;
			defaultConfigurationName = Release;
		};
/* End XCConfigurationList section */

/* Begin XCSwiftPackageProductDependency section */
		1F72523629186F0D00A19AB1 /* Casimir */ = {
			isa = XCSwiftPackageProductDependency;
			productName = Casimir;
		};
/* End XCSwiftPackageProductDependency section */
	};
	rootObject = 1F9B499C29186C6E005EFC49 /* Project object */;
}
